{
  "version": 4,
  "terraform_version": "1.8.4",
  "serial": 7,
  "lineage": "3584e97e-1b92-29cd-3cd0-17f6c38141c9",
  "outputs": {},
  "resources": [
    {
      "mode": "managed",
      "type": "github_repository",
      "name": "First-API-Repositry",
      "provider": "provider[\"registry.terraform.io/integrations/github\"]",
      "instances": [
        {
          "schema_version": 1,
          "attributes": {
            "allow_auto_merge": false,
            "allow_merge_commit": false,
            "allow_rebase_merge": false,
            "allow_squash_merge": false,
            "allow_update_branch": false,
            "archive_on_destroy": null,
            "archived": false,
            "auto_init": null,
            "default_branch": "main",
            "delete_branch_on_merge": false,
            "description": "This the first repositry launched through the Terraform",
            "etag": "W/\"9cc8d2c1bb10b4577b2334ba6fef49197a273887c311d6e78465f6aded6791d3\"",
            "full_name": "The-Jay-Aher/Terraform-integration",
            "git_clone_url": "git://github.com/The-Jay-Aher/Terraform-integration.git",
            "gitignore_template": "Terraform",
            "has_discussions": false,
            "has_downloads": false,
            "has_issues": false,
            "has_projects": false,
            "has_wiki": false,
            "homepage_url": "",
            "html_url": "https://github.com/The-Jay-Aher/Terraform-integration",
            "http_clone_url": "https://github.com/The-Jay-Aher/Terraform-integration.git",
            "id": "Terraform-integration",
            "ignore_vulnerability_alerts_during_read": null,
            "is_template": false,
            "license_template": null,
            "merge_commit_message": "",
            "merge_commit_title": "",
            "name": "Terraform-integration",
            "node_id": "R_kgDOMPricg",
            "pages": [],
            "primary_language": "",
            "private": false,
            "repo_id": 821748338,
            "security_and_analysis": [
              {
                "advanced_security": [],
                "secret_scanning": [
                  {
                    "status": "enabled"
                  }
                ],
                "secret_scanning_push_protection": [
                  {
                    "status": "enabled"
                  }
                ]
              }
            ],
            "squash_merge_commit_message": "",
            "squash_merge_commit_title": "",
            "ssh_clone_url": "git@github.com:The-Jay-Aher/Terraform-integration.git",
            "svn_url": "https://github.com/The-Jay-Aher/Terraform-integration",
            "template": [],
            "topics": [],
            "visibility": "public",
            "vulnerability_alerts": false,
            "web_commit_signoff_required": false
          },
          "sensitive_attributes": [],
          "private": "eyJzY2hlbWFfdmVyc2lvbiI6IjEifQ=="
        }
      ]
    }
  ],
  "check_results": null
}
